
Microsoft Visual Studio Solution File, Format Version 12.00
# Visual Studio Version 17
VisualStudioVersion = 17.14.36518.9
MinimumVisualStudioVersion = 10.0.40219.1
Project("{FAE04EC0-301F-11D3-BF4B-00C04F79EFBC}") = "TabTogether", "TabTogether\TabTogether.csproj", "{9AAEAC21-B157-4792-987E-C456950555E9}"
EndProject
Project("{FAE04EC0-301F-11D3-BF4B-00C04F79EFBC}") = "TabTogetherApi", "TabTogetherApi\TabTogetherApi.csproj", "{9DE0B251-B801-4380-BD81-6BC4EF5CC59B}"
EndProject
Global
	GlobalSection(SolutionConfigurationPlatforms) = preSolution
		Debug|Any CPU = Debug|Any CPU
		Release|Any CPU = Release|Any CPU
	EndGlobalSection
	GlobalSection(ProjectConfigurationPlatforms) = postSolution
		{9AAEAC21-B157-4792-987E-C456950555E9}.Debug|Any CPU.ActiveCfg = Debug|Any CPU
		{9AAEAC21-B157-4792-987E-C456950555E9}.Debug|Any CPU.Build.0 = Debug|Any CPU
		{9AAEAC21-B157-4792-987E-C456950555E9}.Debug|Any CPU.Deploy.0 = Debug|Any CPU
		{9AAEAC21-B157-4792-987E-C456950555E9}.Release|Any CPU.ActiveCfg = Release|Any CPU
		{9AAEAC21-B157-4792-987E-C456950555E9}.Release|Any CPU.Build.0 = Release|Any CPU
		{9AAEAC21-B157-4792-987E-C456950555E9}.Release|Any CPU.Deploy.0 = Release|Any CPU
		{9DE0B251-B801-4380-BD81-6BC4EF5CC59B}.Debug|Any CPU.ActiveCfg = Debug|Any CPU
		{9DE0B251-B801-4380-BD81-6BC4EF5CC59B}.Debug|Any CPU.Build.0 = Debug|Any CPU
		{9DE0B251-B801-4380-BD81-6BC4EF5CC59B}.Release|Any CPU.ActiveCfg = Release|Any CPU
		{9DE0B251-B801-4380-BD81-6BC4EF5CC59B}.Release|Any CPU.Build.0 = Release|Any CPU
	EndGlobalSection
	GlobalSection(SolutionProperties) = preSolution
		HideSolutionNode = FALSE
	EndGlobalSection
	GlobalSection(ExtensibilityGlobals) = postSolution
		SolutionGuid = {9F28D40D-1B22-4C9B-91DC-A8D49228DFB6}
	EndGlobalSection
EndGlobal
